
Microsoft Visual Studio Solution File, Format Version 12.00
# Visual Studio Version 16
VisualStudioVersion = 16.0.29920.165
MinimumVisualStudioVersion = 10.0.40219.1
Project("{9A19103F-16F7-4668-BE54-9A1E7A4F7556}") = "Grocery.Web", "Glocery\Grocery.Web.csproj", "{497A1DA0-E843-4B4F-BCDB-F0777EAD3181}"
EndProject
Project("{9A19103F-16F7-4668-BE54-9A1E7A4F7556}") = "Grocery.BusinessLayer", "Glocery.BusinessLayer\Grocery.BusinessLayer.csproj", "{BBC0986B-C787-491F-B3CD-012BDB3E8651}"
EndProject
Project("{9A19103F-16F7-4668-BE54-9A1E7A4F7556}") = "Grocery.DataLayer", "Glocery.DataLayer\Grocery.DataLayer.csproj", "{8C8F2436-BDA3-47B7-98C6-269CBD7DF101}"
EndProject
Project("{9A19103F-16F7-4668-BE54-9A1E7A4F7556}") = "Grocery.Entities", "Glocery.Entities\Grocery.Entities.csproj", "{3E7F2A0D-133F-4294-9D7B-EE359F98667E}"
EndProject
Project("{9A19103F-16F7-4668-BE54-9A1E7A4F7556}") = "Grocery.Test", "Glocery.Test\Grocery.Test.csproj", "{2F6C5EF7-BDB7-40BD-8525-B4A844915843}"
EndProject
Global
	GlobalSection(SolutionConfigurationPlatforms) = preSolution
		Debug|Any CPU = Debug|Any CPU
		Release|Any CPU = Release|Any CPU
	EndGlobalSection
	GlobalSection(ProjectConfigurationPlatforms) = postSolution
		{497A1DA0-E843-4B4F-BCDB-F0777EAD3181}.Debug|Any CPU.ActiveCfg = Debug|Any CPU
		{497A1DA0-E843-4B4F-BCDB-F0777EAD3181}.Debug|Any CPU.Build.0 = Debug|Any CPU
		{497A1DA0-E843-4B4F-BCDB-F0777EAD3181}.Release|Any CPU.ActiveCfg = Release|Any CPU
		{497A1DA0-E843-4B4F-BCDB-F0777EAD3181}.Release|Any CPU.Build.0 = Release|Any CPU
		{BBC0986B-C787-491F-B3CD-012BDB3E8651}.Debug|Any CPU.ActiveCfg = Debug|Any CPU
		{BBC0986B-C787-491F-B3CD-012BDB3E8651}.Debug|Any CPU.Build.0 = Debug|Any CPU
		{BBC0986B-C787-491F-B3CD-012BDB3E8651}.Release|Any CPU.ActiveCfg = Release|Any CPU
		{BBC0986B-C787-491F-B3CD-012BDB3E8651}.Release|Any CPU.Build.0 = Release|Any CPU
		{8C8F2436-BDA3-47B7-98C6-269CBD7DF101}.Debug|Any CPU.ActiveCfg = Debug|Any CPU
		{8C8F2436-BDA3-47B7-98C6-269CBD7DF101}.Debug|Any CPU.Build.0 = Debug|Any CPU
		{8C8F2436-BDA3-47B7-98C6-269CBD7DF101}.Release|Any CPU.ActiveCfg = Release|Any CPU
		{8C8F2436-BDA3-47B7-98C6-269CBD7DF101}.Release|Any CPU.Build.0 = Release|Any CPU
		{3E7F2A0D-133F-4294-9D7B-EE359F98667E}.Debug|Any CPU.ActiveCfg = Debug|Any CPU
		{3E7F2A0D-133F-4294-9D7B-EE359F98667E}.Debug|Any CPU.Build.0 = Debug|Any CPU
		{3E7F2A0D-133F-4294-9D7B-EE359F98667E}.Release|Any CPU.ActiveCfg = Release|Any CPU
		{3E7F2A0D-133F-4294-9D7B-EE359F98667E}.Release|Any CPU.Build.0 = Release|Any CPU
		{2F6C5EF7-BDB7-40BD-8525-B4A844915843}.Debug|Any CPU.ActiveCfg = Debug|Any CPU
		{2F6C5EF7-BDB7-40BD-8525-B4A844915843}.Debug|Any CPU.Build.0 = Debug|Any CPU
		{2F6C5EF7-BDB7-40BD-8525-B4A844915843}.Release|Any CPU.ActiveCfg = Release|Any CPU
		{2F6C5EF7-BDB7-40BD-8525-B4A844915843}.Release|Any CPU.Build.0 = Release|Any CPU
	EndGlobalSection
	GlobalSection(SolutionProperties) = preSolution
		HideSolutionNode = FALSE
	EndGlobalSection
	GlobalSection(ExtensibilityGlobals) = postSolution
		SolutionGuid = {A7495920-A4D4-4B5D-A67F-C565832BCA0F}
	EndGlobalSection
EndGlobal
